// !$*UTF8*$!
{
	archiveVersion = 1;
	classes = {
	};
	objectVersion = 46;
	objects = {

/* Begin PBXBuildFile section */
		2B00D0571F449D6F00FAA340 /* SignatureViewController.swift in Sources */ = {isa = PBXBuildFile; fileRef = 2B00D0561F449D6F00FAA340 /* SignatureViewController.swift */; };
		2B40CBA81EE0588400F8B558 /* RootViewController.swift in Sources */ = {isa = PBXBuildFile; fileRef = 2B40CBA71EE0588400F8B558 /* RootViewController.swift */; };
		2B40CBAA1EE05A6800F8B558 /* BridgingAPI.swift in Sources */ = {isa = PBXBuildFile; fileRef = 2B40CBA91EE05A6800F8B558 /* BridgingAPI.swift */; };
		2B40CBAC1EE0658E00F8B558 /* ThemingTableViewController.swift in Sources */ = {isa = PBXBuildFile; fileRef = 2B40CBAB1EE0658E00F8B558 /* ThemingTableViewController.swift */; };
		2B40CBAF1EE090FB00F8B558 /* RGBTableViewCell.swift in Sources */ = {isa = PBXBuildFile; fileRef = 2B40CBAD1EE090FB00F8B558 /* RGBTableViewCell.swift */; };
		2B40CBB01EE090FB00F8B558 /* RGBTableViewCell.xib in Resources */ = {isa = PBXBuildFile; fileRef = 2B40CBAE1EE090FB00F8B558 /* RGBTableViewCell.xib */; };
		2B49757F1EC3AEE8002B49E2 /* CardEntryViewController.swift in Sources */ = {isa = PBXBuildFile; fileRef = 2B49757E1EC3AEE8002B49E2 /* CardEntryViewController.swift */; };
		2B71D98E1EB106840023C838 /* AppDelegate.swift in Sources */ = {isa = PBXBuildFile; fileRef = 2B71D98D1EB106840023C838 /* AppDelegate.swift */; };
		2B71D9951EB106840023C838 /* Assets.xcassets in Resources */ = {isa = PBXBuildFile; fileRef = 2B71D9941EB106840023C838 /* Assets.xcassets */; };
		2B71D9981EB106840023C838 /* LaunchScreen.storyboard in Resources */ = {isa = PBXBuildFile; fileRef = 2B71D9961EB106840023C838 /* LaunchScreen.storyboard */; };
		2B71D9A41EB10C260023C838 /* Main.storyboard in Resources */ = {isa = PBXBuildFile; fileRef = 2B71D9A11EB10C260023C838 /* Main.storyboard */; };
		2B71D9BC1EB2A4900023C838 /* CardConnectConsumerSDK.framework in Frameworks */ = {isa = PBXBuildFile; fileRef = 2B71D9BB1EB2A4900023C838 /* CardConnectConsumerSDK.framework */; };
		2B71D9BD1EB2A4900023C838 /* CardConnectConsumerSDK.framework in Embed Frameworks */ = {isa = PBXBuildFile; fileRef = 2B71D9BB1EB2A4900023C838 /* CardConnectConsumerSDK.framework */; settings = {ATTRIBUTES = (CodeSignOnCopy, RemoveHeadersOnCopy, ); }; };
/* End PBXBuildFile section */

/* Begin PBXCopyFilesBuildPhase section */
		2B71D9A81EB10CA40023C838 /* Embed Frameworks */ = {
			isa = PBXCopyFilesBuildPhase;
			buildActionMask = 2147483647;
			dstPath = "";
			dstSubfolderSpec = 10;
			files = (
				2B71D9BD1EB2A4900023C838 /* CardConnectConsumerSDK.framework in Embed Frameworks */,
			);
			name = "Embed Frameworks";
			runOnlyForDeploymentPostprocessing = 0;
		};
/* End PBXCopyFilesBuildPhase section */

/* Begin PBXFileReference section */
		2B00D0561F449D6F00FAA340 /* SignatureViewController.swift */ = {isa = PBXFileReference; fileEncoding = 4; lastKnownFileType = sourcecode.swift; path = SignatureViewController.swift; sourceTree = "<group>"; };
		2B40CBA71EE0588400F8B558 /* RootViewController.swift */ = {isa = PBXFileReference; fileEncoding = 4; lastKnownFileType = sourcecode.swift; path = RootViewController.swift; sourceTree = "<group>"; };
		2B40CBA91EE05A6800F8B558 /* BridgingAPI.swift */ = {isa = PBXFileReference; fileEncoding = 4; lastKnownFileType = sourcecode.swift; path = BridgingAPI.swift; sourceTree = "<group>"; };
		2B40CBAB1EE0658E00F8B558 /* ThemingTableViewController.swift */ = {isa = PBXFileReference; fileEncoding = 4; lastKnownFileType = sourcecode.swift; path = ThemingTableViewController.swift; sourceTree = "<group>"; };
		2B40CBAD1EE090FB00F8B558 /* RGBTableViewCell.swift */ = {isa = PBXFileReference; fileEncoding = 4; lastKnownFileType = sourcecode.swift; path = RGBTableViewCell.swift; sourceTree = "<group>"; };
		2B40CBAE1EE090FB00F8B558 /* RGBTableViewCell.xib */ = {isa = PBXFileReference; fileEncoding = 4; lastKnownFileType = file.xib; path = RGBTableViewCell.xib; sourceTree = "<group>"; };
		2B49757E1EC3AEE8002B49E2 /* CardEntryViewController.swift */ = {isa = PBXFileReference; fileEncoding = 4; lastKnownFileType = sourcecode.swift; path = CardEntryViewController.swift; sourceTree = "<group>"; };
		2B71D98A1EB106840023C838 /* CCCSampleApp.app */ = {isa = PBXFileReference; explicitFileType = wrapper.application; includeInIndex = 0; path = CCCSampleApp.app; sourceTree = BUILT_PRODUCTS_DIR; };
		2B71D98D1EB106840023C838 /* AppDelegate.swift */ = {isa = PBXFileReference; lastKnownFileType = sourcecode.swift; path = AppDelegate.swift; sourceTree = "<group>"; };
		2B71D9941EB106840023C838 /* Assets.xcassets */ = {isa = PBXFileReference; lastKnownFileType = folder.assetcatalog; path = Assets.xcassets; sourceTree = "<group>"; };
		2B71D9971EB106840023C838 /* Base */ = {isa = PBXFileReference; lastKnownFileType = file.storyboard; name = Base; path = Base.lproj/LaunchScreen.storyboard; sourceTree = "<group>"; };
		2B71D9991EB106840023C838 /* Info.plist */ = {isa = PBXFileReference; lastKnownFileType = text.plist.xml; path = Info.plist; sourceTree = "<group>"; };
		2B71D9A21EB10C260023C838 /* Base */ = {isa = PBXFileReference; lastKnownFileType = file.storyboard; name = Base; path = Base.lproj/Main.storyboard; sourceTree = "<group>"; };
		2B71D9BB1EB2A4900023C838 /* CardConnectConsumerSDK.framework */ = {isa = PBXFileReference; lastKnownFileType = wrapper.framework; path = CardConnectConsumerSDK.framework; sourceTree = "<group>"; };
		2B902F911F461982000BB653 /* CCCSampleApp.entitlements */ = {isa = PBXFileReference; lastKnownFileType = text.plist.entitlements; path = CCCSampleApp.entitlements; sourceTree = "<group>"; };
/* End PBXFileReference section */

/* Begin PBXFrameworksBuildPhase section */
		2B71D9871EB106840023C838 /* Frameworks */ = {
			isa = PBXFrameworksBuildPhase;
			buildActionMask = 2147483647;
			files = (
				2B71D9BC1EB2A4900023C838 /* CardConnectConsumerSDK.framework in Frameworks */,
			);
			runOnlyForDeploymentPostprocessing = 0;
		};
/* End PBXFrameworksBuildPhase section */

/* Begin PBXGroup section */
		2B71D9811EB106840023C838 = {
			isa = PBXGroup;
			children = (
				2B71D9BB1EB2A4900023C838 /* CardConnectConsumerSDK.framework */,
				2B71D98C1EB106840023C838 /* CCCSampleApp */,
				2B71D98B1EB106840023C838 /* Products */,
			);
			sourceTree = "<group>";
		};
		2B71D98B1EB106840023C838 /* Products */ = {
			isa = PBXGroup;
			children = (
				2B71D98A1EB106840023C838 /* CCCSampleApp.app */,
			);
			name = Products;
			sourceTree = "<group>";
		};
		2B71D98C1EB106840023C838 /* CCCSampleApp */ = {
			isa = PBXGroup;
			children = (
				2B902F911F461982000BB653 /* CCCSampleApp.entitlements */,
				2B71D98D1EB106840023C838 /* AppDelegate.swift */,
				2B40CBA91EE05A6800F8B558 /* BridgingAPI.swift */,
				2B40CBA71EE0588400F8B558 /* RootViewController.swift */,
				2B49757E1EC3AEE8002B49E2 /* CardEntryViewController.swift */,
				2B40CBAB1EE0658E00F8B558 /* ThemingTableViewController.swift */,
				2B40CBAD1EE090FB00F8B558 /* RGBTableViewCell.swift */,
				2B00D0561F449D6F00FAA340 /* SignatureViewController.swift */,
				2B71D9A91EB10CC60023C838 /* rc */,
				2B71D9991EB106840023C838 /* Info.plist */,
			);
			path = CCCSampleApp;
			sourceTree = "<group>";
		};
		2B71D9A91EB10CC60023C838 /* rc */ = {
			isa = PBXGroup;
			children = (
				2B40CBAE1EE090FB00F8B558 /* RGBTableViewCell.xib */,
				2B71D9A11EB10C260023C838 /* Main.storyboard */,
				2B71D9961EB106840023C838 /* LaunchScreen.storyboard */,
				2B71D9941EB106840023C838 /* Assets.xcassets */,
			);
			name = rc;
			sourceTree = "<group>";
		};
/* End PBXGroup section */

/* Begin PBXNativeTarget section */
		2B71D9891EB106840023C838 /* CCCSampleApp */ = {
			isa = PBXNativeTarget;
			buildConfigurationList = 2B71D99C1EB106840023C838 /* Build configuration list for PBXNativeTarget "CCCSampleApp" */;
			buildPhases = (
				2B71D9861EB106840023C838 /* Sources */,
				2B71D9871EB106840023C838 /* Frameworks */,
				2B71D9881EB106840023C838 /* Resources */,
				2B71D9A81EB10CA40023C838 /* Embed Frameworks */,
			);
			buildRules = (
			);
			dependencies = (
			);
			name = CCCSampleApp;
			productName = "CCC Sample App";
			productReference = 2B71D98A1EB106840023C838 /* CCCSampleApp.app */;
			productType = "com.apple.product-type.application";
		};
/* End PBXNativeTarget section */

/* Begin PBXProject section */
		2B71D9821EB106840023C838 /* Project object */ = {
			isa = PBXProject;
			attributes = {
				LastSwiftUpdateCheck = 0830;
				LastUpgradeCheck = 0830;
				TargetAttributes = {
					2B71D9891EB106840023C838 = {
						CreatedOnToolsVersion = 8.3;
						DevelopmentTeam = 753YVTSEH2;
						ProvisioningStyle = Manual;
						SystemCapabilities = {
							com.apple.ApplePay = {
								enabled = 1;
							};
						};
					};
				};
			};
			buildConfigurationList = 2B71D9851EB106840023C838 /* Build configuration list for PBXProject "CCCSampleApp" */;
			compatibilityVersion = "Xcode 3.2";
			developmentRegion = English;
			hasScannedForEncodings = 0;
			knownRegions = (
				en,
				Base,
			);
			mainGroup = 2B71D9811EB106840023C838;
			productRefGroup = 2B71D98B1EB106840023C838 /* Products */;
			projectDirPath = "";
			projectRoot = "";
			targets = (
				2B71D9891EB106840023C838 /* CCCSampleApp */,
			);
		};
/* End PBXProject section */

/* Begin PBXResourcesBuildPhase section */
		2B71D9881EB106840023C838 /* Resources */ = {
			isa = PBXResourcesBuildPhase;
			buildActionMask = 2147483647;
			files = (
				2B71D9981EB106840023C838 /* LaunchScreen.storyboard in Resources */,
				2B71D9951EB106840023C838 /* Assets.xcassets in Resources */,
				2B71D9A41EB10C260023C838 /* Main.storyboard in Resources */,
				2B40CBB01EE090FB00F8B558 /* RGBTableViewCell.xib in Resources */,
			);
			runOnlyForDeploymentPostprocessing = 0;
		};
/* End PBXResourcesBuildPhase section */

/* Begin PBXSourcesBuildPhase section */
		2B71D9861EB106840023C838 /* Sources */ = {
			isa = PBXSourcesBuildPhase;
			buildActionMask = 2147483647;
			files = (
				2B40CBAA1EE05A6800F8B558 /* BridgingAPI.swift in Sources */,
				2B40CBAF1EE090FB00F8B558 /* RGBTableViewCell.swift in Sources */,
				2B40CBAC1EE0658E00F8B558 /* ThemingTableViewController.swift in Sources */,
				2B71D98E1EB106840023C838 /* AppDelegate.swift in Sources */,
				2B00D0571F449D6F00FAA340 /* SignatureViewController.swift in Sources */,
				2B49757F1EC3AEE8002B49E2 /* CardEntryViewController.swift in Sources */,
				2B40CBA81EE0588400F8B558 /* RootViewController.swift in Sources */,
			);
			runOnlyForDeploymentPostprocessing = 0;
		};
/* End PBXSourcesBuildPhase section */

/* Begin PBXVariantGroup section */
		2B71D9961EB106840023C838 /* LaunchScreen.storyboard */ = {
			isa = PBXVariantGroup;
			children = (
				2B71D9971EB106840023C838 /* Base */,
			);
			name = LaunchScreen.storyboard;
			sourceTree = "<group>";
		};
		2B71D9A11EB10C260023C838 /* Main.storyboard */ = {
			isa = PBXVariantGroup;
			children = (
				2B71D9A21EB10C260023C838 /* Base */,
			);
			name = Main.storyboard;
			sourceTree = "<group>";
		};
/* End PBXVariantGroup section */

/* Begin XCBuildConfiguration section */
		2B71D99A1EB106840023C838 /* Debug */ = {
			isa = XCBuildConfiguration;
			buildSettings = {
				ALWAYS_SEARCH_USER_PATHS = NO;
				CLANG_ANALYZER_NONNULL = YES;
				CLANG_ANALYZER_NUMBER_OBJECT_CONVERSION = YES_AGGRESSIVE;
				CLANG_CXX_LANGUAGE_STANDARD = "gnu++0x";
				CLANG_CXX_LIBRARY = "libc++";
				CLANG_ENABLE_MODULES = YES;
				CLANG_ENABLE_OBJC_ARC = YES;
				CLANG_WARN_BOOL_CONVERSION = YES;
				CLANG_WARN_CONSTANT_CONVERSION = YES;
				CLANG_WARN_DIRECT_OBJC_ISA_USAGE = YES_ERROR;
				CLANG_WARN_DOCUMENTATION_COMMENTS = YES;
				CLANG_WARN_EMPTY_BODY = YES;
				CLANG_WARN_ENUM_CONVERSION = YES;
				CLANG_WARN_INFINITE_RECURSION = YES;
				CLANG_WARN_INT_CONVERSION = YES;
				CLANG_WARN_OBJC_ROOT_CLASS = YES_ERROR;
				CLANG_WARN_SUSPICIOUS_MOVE = YES;
				CLANG_WARN_UNREACHABLE_CODE = YES;
				CLANG_WARN__DUPLICATE_METHOD_MATCH = YES;
				"CODE_SIGN_IDENTITY[sdk=iphoneos*]" = "iPhone Developer";
				COPY_PHASE_STRIP = NO;
				DEBUG_INFORMATION_FORMAT = dwarf;
				ENABLE_STRICT_OBJC_MSGSEND = YES;
				ENABLE_TESTABILITY = YES;
				GCC_C_LANGUAGE_STANDARD = gnu99;
				GCC_DYNAMIC_NO_PIC = NO;
				GCC_NO_COMMON_BLOCKS = YES;
				GCC_OPTIMIZATION_LEVEL = 0;
				GCC_PREPROCESSOR_DEFINITIONS = (
					"DEBUG=1",
					"$(inherited)",
				);
				GCC_WARN_64_TO_32_BIT_CONVERSION = YES;
				GCC_WARN_ABOUT_RETURN_TYPE = YES_ERROR;
				GCC_WARN_UNDECLARED_SELECTOR = YES;
				GCC_WARN_UNINITIALIZED_AUTOS = YES_AGGRESSIVE;
				GCC_WARN_UNUSED_FUNCTION = YES;
				GCC_WARN_UNUSED_VARIABLE = YES;
				IPHONEOS_DEPLOYMENT_TARGET = 10.3;
				MTL_ENABLE_DEBUG_INFO = YES;
				ONLY_ACTIVE_ARCH = YES;
				SDKROOT = iphoneos;
				SWIFT_ACTIVE_COMPILATION_CONDITIONS = DEBUG;
				SWIFT_OPTIMIZATION_LEVEL = "-Onone";
			};
			name = Debug;
		};
		2B71D99D1EB106840023C838 /* Debug */ = {
			isa = XCBuildConfiguration;
			buildSettings = {
				ASSETCATALOG_COMPILER_APPICON_NAME = AppIcon;
				CODE_SIGN_ENTITLEMENTS = CCCSampleApp/CCCSampleApp.entitlements;
				DEVELOPMENT_TEAM = 753YVTSEH2;
				FRAMEWORK_SEARCH_PATHS = (
					"$(inherited)",
					"$(PROJECT_DIR)",
				);
				INFOPLIST_FILE = CCCSampleApp/Info.plist;
				IPHONEOS_DEPLOYMENT_TARGET = 9.0;
				LD_RUNPATH_SEARCH_PATHS = "$(inherited) @executable_path/Frameworks";
				PRODUCT_BUNDLE_IDENTIFIER = com.cardconnect.prod;
				PRODUCT_NAME = "$(TARGET_NAME)";
				PROVISIONING_PROFILE = "4f264b55-7ff7-4976-ba21-c9737b0ccc9a";
				PROVISIONING_PROFILE_SPECIFIER = "cardconnect.apple-samplecode.iM3";
				SWIFT_VERSION = 3.0;
				TARGETED_DEVICE_FAMILY = "1,2";
			};
			name = Debug;
		};
/* End XCBuildConfiguration section */

/* Begin XCConfigurationList section */
		2B71D9851EB106840023C838 /* Build configuration list for PBXProject "CCCSampleApp" */ = {
			isa = XCConfigurationList;
			buildConfigurations = (
				2B71D99A1EB106840023C838 /* Debug */,
			);
			defaultConfigurationIsVisible = 0;
			defaultConfigurationName = Debug;
		};
		2B71D99C1EB106840023C838 /* Build configuration list for PBXNativeTarget "CCCSampleApp" */ = {
			isa = XCConfigurationList;
			buildConfigurations = (
				2B71D99D1EB106840023C838 /* Debug */,
			);
			defaultConfigurationIsVisible = 0;
			defaultConfigurationName = Debug;
		};
/* End XCConfigurationList section */
	};
	rootObject = 2B71D9821EB106840023C838 /* Project object */;
}
